
Microsoft Visual Studio Solution File, Format Version 12.00
# Visual Studio Version 17
VisualStudioVersion = 17.3.32901.215
MinimumVisualStudioVersion = 10.0.40219.1
Project("{FAE04EC0-301F-11D3-BF4B-00C04F79EFBC}") = "Broken Petrol Ltd", "Broken Petrol Ltd.csproj", "{C64BEA2E-B043-454B-90D2-E800B30FAF3A}"
EndProject
Global
	GlobalSection(SolutionConfigurationPlatforms) = preSolution
		Debug|Any CPU = Debug|Any CPU
		Release|Any CPU = Release|Any CPU
	EndGlobalSection
	GlobalSection(ProjectConfigurationPlatforms) = postSolution
		{C64BEA2E-B043-454B-90D2-E800B30FAF3A}.Debug|Any CPU.ActiveCfg = Debug|Any CPU
		{C64BEA2E-B043-454B-90D2-E800B30FAF3A}.Debug|Any CPU.Build.0 = Debug|Any CPU
		{C64BEA2E-B043-454B-90D2-E800B30FAF3A}.Release|Any CPU.ActiveCfg = Release|Any CPU
		{C64BEA2E-B043-454B-90D2-E800B30FAF3A}.Release|Any CPU.Build.0 = Release|Any CPU
	EndGlobalSection
	GlobalSection(SolutionProperties) = preSolution
		HideSolutionNode = FALSE
	EndGlobalSection
	GlobalSection(ExtensibilityGlobals) = postSolution
		SolutionGuid = {C1549839-ADC7-4067-AADA-8FE12558CE52}
	EndGlobalSection
EndGlobal
